
Microsoft Visual Studio Solution File, Format Version 12.00
# Visual Studio Version 17
VisualStudioVersion = 17.0.31512.422
MinimumVisualStudioVersion = 10.0.40219.1
Project("{9A19103F-16F7-4668-BE54-9A1E7A4F7556}") = "SuperPowerBIRefresher.Tests", "tests\SuperPowerBIRefresher.Tests\SuperPowerBIRefresher.Tests.csproj", "{182CF8B8-99F7-48CB-9725-654CA6250E67}"
EndProject
Project("{9A19103F-16F7-4668-BE54-9A1E7A4F7556}") = "SuperPowerBIRefresher.WebAPI", "src\SuperPowerBIRefresher.WebAPI\SuperPowerBIRefresher.WebAPI.csproj", "{E4338DD9-9D26-497C-8882-39E840791B4C}"
EndProject
Global
	GlobalSection(SolutionConfigurationPlatforms) = preSolution
		Debug|Any CPU = Debug|Any CPU
		Release|Any CPU = Release|Any CPU
	EndGlobalSection
	GlobalSection(ProjectConfigurationPlatforms) = postSolution
		{182CF8B8-99F7-48CB-9725-654CA6250E67}.Debug|Any CPU.ActiveCfg = Debug|Any CPU
		{182CF8B8-99F7-48CB-9725-654CA6250E67}.Debug|Any CPU.Build.0 = Debug|Any CPU
		{182CF8B8-99F7-48CB-9725-654CA6250E67}.Release|Any CPU.ActiveCfg = Release|Any CPU
		{182CF8B8-99F7-48CB-9725-654CA6250E67}.Release|Any CPU.Build.0 = Release|Any CPU
		{E4338DD9-9D26-497C-8882-39E840791B4C}.Debug|Any CPU.ActiveCfg = Debug|Any CPU
		{E4338DD9-9D26-497C-8882-39E840791B4C}.Debug|Any CPU.Build.0 = Debug|Any CPU
		{E4338DD9-9D26-497C-8882-39E840791B4C}.Release|Any CPU.ActiveCfg = Release|Any CPU
		{E4338DD9-9D26-497C-8882-39E840791B4C}.Release|Any CPU.Build.0 = Release|Any CPU
	EndGlobalSection
	GlobalSection(SolutionProperties) = preSolution
		HideSolutionNode = FALSE
	EndGlobalSection
	GlobalSection(ExtensibilityGlobals) = postSolution
		SolutionGuid = {0AB9A04B-8495-4574-8F09-60248059611F}
	EndGlobalSection
EndGlobal
